
Microsoft Visual Studio Solution File, Format Version 12.00
# Visual Studio 15
VisualStudioVersion = 15.0.28010.2026
MinimumVisualStudioVersion = 10.0.40219.1
Project("{FAE04EC0-301F-11D3-BF4B-00C04F79EFBC}") = "Lab_OOP_3", "Lab_OOP_3\Lab_OOP_3.csproj", "{7629936D-472D-4687-BE8E-1B2BCB18E4BD}"
EndProject
Global
	GlobalSection(SolutionConfigurationPlatforms) = preSolution
		Debug|Any CPU = Debug|Any CPU
		Release|Any CPU = Release|Any CPU
	EndGlobalSection
	GlobalSection(ProjectConfigurationPlatforms) = postSolution
		{7629936D-472D-4687-BE8E-1B2BCB18E4BD}.Debug|Any CPU.ActiveCfg = Debug|Any CPU
		{7629936D-472D-4687-BE8E-1B2BCB18E4BD}.Debug|Any CPU.Build.0 = Debug|Any CPU
		{7629936D-472D-4687-BE8E-1B2BCB18E4BD}.Release|Any CPU.ActiveCfg = Release|Any CPU
		{7629936D-472D-4687-BE8E-1B2BCB18E4BD}.Release|Any CPU.Build.0 = Release|Any CPU
	EndGlobalSection
	GlobalSection(SolutionProperties) = preSolution
		HideSolutionNode = FALSE
	EndGlobalSection
	GlobalSection(ExtensibilityGlobals) = postSolution
		SolutionGuid = {F6AB145D-2E75-48E7-8679-701CB8C73B91}
	EndGlobalSection
EndGlobal
