
Microsoft Visual Studio Solution File, Format Version 12.00
# Visual Studio 15
VisualStudioVersion = 15.0.28010.2026
MinimumVisualStudioVersion = 10.0.40219.1
Project("{FAE04EC0-301F-11D3-BF4B-00C04F79EFBC}") = "Lab_OOP_9", "Lab_OOP_9\Lab_OOP_9.csproj", "{95128D7E-E30E-4C0F-AA6D-99E68AA74B6E}"
EndProject
Global
	GlobalSection(SolutionConfigurationPlatforms) = preSolution
		Debug|Any CPU = Debug|Any CPU
		Release|Any CPU = Release|Any CPU
	EndGlobalSection
	GlobalSection(ProjectConfigurationPlatforms) = postSolution
		{95128D7E-E30E-4C0F-AA6D-99E68AA74B6E}.Debug|Any CPU.ActiveCfg = Debug|Any CPU
		{95128D7E-E30E-4C0F-AA6D-99E68AA74B6E}.Debug|Any CPU.Build.0 = Debug|Any CPU
		{95128D7E-E30E-4C0F-AA6D-99E68AA74B6E}.Release|Any CPU.ActiveCfg = Release|Any CPU
		{95128D7E-E30E-4C0F-AA6D-99E68AA74B6E}.Release|Any CPU.Build.0 = Release|Any CPU
	EndGlobalSection
	GlobalSection(SolutionProperties) = preSolution
		HideSolutionNode = FALSE
	EndGlobalSection
	GlobalSection(ExtensibilityGlobals) = postSolution
		SolutionGuid = {C3F8C16E-A8BA-469E-904F-11DFF1F5F4E1}
	EndGlobalSection
EndGlobal
